
Microsoft Visual Studio Solution File, Format Version 12.00
# Visual Studio Version 17
VisualStudioVersion = 17.7.34202.233
MinimumVisualStudioVersion = 10.0.40219.1
Project("{FAE04EC0-301F-11D3-BF4B-00C04F79EFBC}") = "DCB", "DCB\DCB.csproj", "{4CBF7748-1930-4A97-B93B-1A6304A3D672}"
EndProject
Project("{FAE04EC0-301F-11D3-BF4B-00C04F79EFBC}") = "DCB.stub", "DCB.stub\DCB.stub.csproj", "{15E13422-ACBB-4783-B87B-864B27574D2F}"
EndProject
Global
	GlobalSection(SolutionConfigurationPlatforms) = preSolution
		Debug|Any CPU = Debug|Any CPU
		Release|Any CPU = Release|Any CPU
	EndGlobalSection
	GlobalSection(ProjectConfigurationPlatforms) = postSolution
		{4CBF7748-1930-4A97-B93B-1A6304A3D672}.Debug|Any CPU.ActiveCfg = Debug|Any CPU
		{4CBF7748-1930-4A97-B93B-1A6304A3D672}.Debug|Any CPU.Build.0 = Debug|Any CPU
		{4CBF7748-1930-4A97-B93B-1A6304A3D672}.Release|Any CPU.ActiveCfg = Release|Any CPU
		{4CBF7748-1930-4A97-B93B-1A6304A3D672}.Release|Any CPU.Build.0 = Release|Any CPU
		{15E13422-ACBB-4783-B87B-864B27574D2F}.Debug|Any CPU.ActiveCfg = Debug|Any CPU
		{15E13422-ACBB-4783-B87B-864B27574D2F}.Debug|Any CPU.Build.0 = Debug|Any CPU
		{15E13422-ACBB-4783-B87B-864B27574D2F}.Release|Any CPU.ActiveCfg = Release|Any CPU
		{15E13422-ACBB-4783-B87B-864B27574D2F}.Release|Any CPU.Build.0 = Release|Any CPU
	EndGlobalSection
	GlobalSection(SolutionProperties) = preSolution
		HideSolutionNode = FALSE
	EndGlobalSection
	GlobalSection(ExtensibilityGlobals) = postSolution
		SolutionGuid = {142A6B6A-B644-4771-933A-9C683854F46E}
	EndGlobalSection
EndGlobal
